
Microsoft Visual Studio Solution File, Format Version 12.00
# Visual Studio 15
VisualStudioVersion = 15.0.26430.14
MinimumVisualStudioVersion = 10.0.40219.1
Project("{9A19103F-16F7-4668-BE54-9A1E7A4F7556}") = "EWiki.Sniper", "EWiki.Sniper\EWiki.Sniper.csproj", "{728E182C-F3E5-4905-AC2D-80E90DAB8B64}"
EndProject
Project("{FAE04EC0-301F-11D3-BF4B-00C04F79EFBC}") = "PokeMaster.Logic", "PokemonGo.RocketAPI.Logic\PokeMaster.Logic.csproj", "{127F0B6E-14F9-4A60-AB26-D43D16C4ED95}"
EndProject
Project("{FAE04EC0-301F-11D3-BF4B-00C04F79EFBC}") = "PokemonGo.RocketAPI", "PokemonGo.RocketAPI\PokemonGo.RocketAPI.csproj", "{B4ACA487-BE70-471E-A8DE-0CE287C8DB44}"
EndProject
Project("{FAE04EC0-301F-11D3-BF4B-00C04F79EFBC}") = "Ewiki.Sniper.Test", "ConsoleApp1\Ewiki.Sniper.Test.csproj", "{5ED20811-2578-45FC-970D-D1312C89E19C}"
EndProject
Global
	GlobalSection(SolutionConfigurationPlatforms) = preSolution
		Debug|Any CPU = Debug|Any CPU
		Debug|x86 = Debug|x86
		Release|Any CPU = Release|Any CPU
		Release|x86 = Release|x86
	EndGlobalSection
	GlobalSection(ProjectConfigurationPlatforms) = postSolution
		{728E182C-F3E5-4905-AC2D-80E90DAB8B64}.Debug|Any CPU.ActiveCfg = Debug|Any CPU
		{728E182C-F3E5-4905-AC2D-80E90DAB8B64}.Debug|Any CPU.Build.0 = Debug|Any CPU
		{728E182C-F3E5-4905-AC2D-80E90DAB8B64}.Debug|x86.ActiveCfg = Debug|Any CPU
		{728E182C-F3E5-4905-AC2D-80E90DAB8B64}.Debug|x86.Build.0 = Debug|Any CPU
		{728E182C-F3E5-4905-AC2D-80E90DAB8B64}.Release|Any CPU.ActiveCfg = Release|Any CPU
		{728E182C-F3E5-4905-AC2D-80E90DAB8B64}.Release|Any CPU.Build.0 = Release|Any CPU
		{728E182C-F3E5-4905-AC2D-80E90DAB8B64}.Release|x86.ActiveCfg = Release|Any CPU
		{728E182C-F3E5-4905-AC2D-80E90DAB8B64}.Release|x86.Build.0 = Release|Any CPU
		{127F0B6E-14F9-4A60-AB26-D43D16C4ED95}.Debug|Any CPU.ActiveCfg = Debug|Any CPU
		{127F0B6E-14F9-4A60-AB26-D43D16C4ED95}.Debug|Any CPU.Build.0 = Debug|Any CPU
		{127F0B6E-14F9-4A60-AB26-D43D16C4ED95}.Debug|x86.ActiveCfg = Debug|Any CPU
		{127F0B6E-14F9-4A60-AB26-D43D16C4ED95}.Debug|x86.Build.0 = Debug|Any CPU
		{127F0B6E-14F9-4A60-AB26-D43D16C4ED95}.Release|Any CPU.ActiveCfg = Release|Any CPU
		{127F0B6E-14F9-4A60-AB26-D43D16C4ED95}.Release|Any CPU.Build.0 = Release|Any CPU
		{127F0B6E-14F9-4A60-AB26-D43D16C4ED95}.Release|x86.ActiveCfg = Release|Any CPU
		{127F0B6E-14F9-4A60-AB26-D43D16C4ED95}.Release|x86.Build.0 = Release|Any CPU
		{B4ACA487-BE70-471E-A8DE-0CE287C8DB44}.Debug|Any CPU.ActiveCfg = Debug|Any CPU
		{B4ACA487-BE70-471E-A8DE-0CE287C8DB44}.Debug|Any CPU.Build.0 = Debug|Any CPU
		{B4ACA487-BE70-471E-A8DE-0CE287C8DB44}.Debug|x86.ActiveCfg = Debug|x86
		{B4ACA487-BE70-471E-A8DE-0CE287C8DB44}.Debug|x86.Build.0 = Debug|x86
		{B4ACA487-BE70-471E-A8DE-0CE287C8DB44}.Release|Any CPU.ActiveCfg = Release|Any CPU
		{B4ACA487-BE70-471E-A8DE-0CE287C8DB44}.Release|Any CPU.Build.0 = Release|Any CPU
		{B4ACA487-BE70-471E-A8DE-0CE287C8DB44}.Release|x86.ActiveCfg = Release|x86
		{B4ACA487-BE70-471E-A8DE-0CE287C8DB44}.Release|x86.Build.0 = Release|x86
		{5ED20811-2578-45FC-970D-D1312C89E19C}.Debug|Any CPU.ActiveCfg = Debug|Any CPU
		{5ED20811-2578-45FC-970D-D1312C89E19C}.Debug|Any CPU.Build.0 = Debug|Any CPU
		{5ED20811-2578-45FC-970D-D1312C89E19C}.Debug|x86.ActiveCfg = Debug|Any CPU
		{5ED20811-2578-45FC-970D-D1312C89E19C}.Debug|x86.Build.0 = Debug|Any CPU
		{5ED20811-2578-45FC-970D-D1312C89E19C}.Release|Any CPU.ActiveCfg = Release|Any CPU
		{5ED20811-2578-45FC-970D-D1312C89E19C}.Release|Any CPU.Build.0 = Release|Any CPU
		{5ED20811-2578-45FC-970D-D1312C89E19C}.Release|x86.ActiveCfg = Release|Any CPU
		{5ED20811-2578-45FC-970D-D1312C89E19C}.Release|x86.Build.0 = Release|Any CPU
	EndGlobalSection
	GlobalSection(SolutionProperties) = preSolution
		HideSolutionNode = FALSE
	EndGlobalSection
EndGlobal
